
Microsoft Visual Studio Solution File, Format Version 12.00
# Visual Studio 2012
Project("{2150E333-8FDC-42A3-9474-1A3956D46DE8}") = "Solution Items", "Solution Items", "{A717B492-F9E9-42B6-B230-D31869FA13CB}"
EndProject
Project("{FAE04EC0-301F-11D3-BF4B-00C04F79EFBC}") = "GGJ2015", "GGJ2015\GGJ2015.csproj", "{8966073A-8F1A-4863-8D07-51700DF052C4}"
EndProject
Global
	GlobalSection(SolutionConfigurationPlatforms) = preSolution
		Debug|Any CPU = Debug|Any CPU
		Release|Any CPU = Release|Any CPU
	EndGlobalSection
	GlobalSection(ProjectConfigurationPlatforms) = postSolution
		{8966073A-8F1A-4863-8D07-51700DF052C4}.Debug|Any CPU.ActiveCfg = Debug|Any CPU
		{8966073A-8F1A-4863-8D07-51700DF052C4}.Debug|Any CPU.Build.0 = Debug|Any CPU
		{8966073A-8F1A-4863-8D07-51700DF052C4}.Release|Any CPU.ActiveCfg = Release|Any CPU
		{8966073A-8F1A-4863-8D07-51700DF052C4}.Release|Any CPU.Build.0 = Release|Any CPU
	EndGlobalSection
	GlobalSection(SolutionProperties) = preSolution
		HideSolutionNode = FALSE
	EndGlobalSection
EndGlobal
